
Microsoft Visual Studio Solution File, Format Version 12.00
# Visual Studio 15
VisualStudioVersion = 15.0.27004.2005
MinimumVisualStudioVersion = 10.0.40219.1
Project("{FAE04EC0-301F-11D3-BF4B-00C04F79EFBC}") = "TravellingSalesman", "TravellingSalesman\TravellingSalesman.csproj", "{50BB83C0-CABD-41D9-A282-A6DA831D511D}"
EndProject
Global
	GlobalSection(SolutionConfigurationPlatforms) = preSolution
		Debug|Any CPU = Debug|Any CPU
		Release|Any CPU = Release|Any CPU
	EndGlobalSection
	GlobalSection(ProjectConfigurationPlatforms) = postSolution
		{50BB83C0-CABD-41D9-A282-A6DA831D511D}.Debug|Any CPU.ActiveCfg = Debug|Any CPU
		{50BB83C0-CABD-41D9-A282-A6DA831D511D}.Debug|Any CPU.Build.0 = Debug|Any CPU
		{50BB83C0-CABD-41D9-A282-A6DA831D511D}.Release|Any CPU.ActiveCfg = Release|Any CPU
		{50BB83C0-CABD-41D9-A282-A6DA831D511D}.Release|Any CPU.Build.0 = Release|Any CPU
	EndGlobalSection
	GlobalSection(SolutionProperties) = preSolution
		HideSolutionNode = FALSE
	EndGlobalSection
	GlobalSection(ExtensibilityGlobals) = postSolution
		SolutionGuid = {6F0B7563-390E-4093-B999-96E43F44C7B7}
	EndGlobalSection
EndGlobal
